
Microsoft Visual Studio Solution File, Format Version 12.00
# Visual Studio Version 17
VisualStudioVersion = 17.4.33122.133
MinimumVisualStudioVersion = 10.0.40219.1
Project("{FAE04EC0-301F-11D3-BF4B-00C04F79EFBC}") = "WinFormRekrutacja", "WinFormRekrutacja.csproj", "{16284671-D693-4FC3-AEFD-E138AF90DF26}"
EndProject
Global
	GlobalSection(SolutionConfigurationPlatforms) = preSolution
		Debug|Any CPU = Debug|Any CPU
		Release|Any CPU = Release|Any CPU
	EndGlobalSection
	GlobalSection(ProjectConfigurationPlatforms) = postSolution
		{16284671-D693-4FC3-AEFD-E138AF90DF26}.Debug|Any CPU.ActiveCfg = Debug|Any CPU
		{16284671-D693-4FC3-AEFD-E138AF90DF26}.Debug|Any CPU.Build.0 = Debug|Any CPU
		{16284671-D693-4FC3-AEFD-E138AF90DF26}.Release|Any CPU.ActiveCfg = Release|Any CPU
		{16284671-D693-4FC3-AEFD-E138AF90DF26}.Release|Any CPU.Build.0 = Release|Any CPU
	EndGlobalSection
	GlobalSection(SolutionProperties) = preSolution
		HideSolutionNode = FALSE
	EndGlobalSection
	GlobalSection(ExtensibilityGlobals) = postSolution
		SolutionGuid = {9922EC7A-1DCE-4D03-B31E-713D93BA6AAC}
	EndGlobalSection
EndGlobal
